
Microsoft Visual Studio Solution File, Format Version 12.00
# Visual Studio Version 17
VisualStudioVersion = 17.4.33213.308
MinimumVisualStudioVersion = 10.0.40219.1
Project("{FAE04EC0-301F-11D3-BF4B-00C04F79EFBC}") = "ModbusControl", "ModbusControl\ModbusControl.csproj", "{FD41B002-CC77-410E-804B-D9E9DD811B70}"
EndProject
Global
	GlobalSection(SolutionConfigurationPlatforms) = preSolution
		Debug|Any CPU = Debug|Any CPU
		Release|Any CPU = Release|Any CPU
	EndGlobalSection
	GlobalSection(ProjectConfigurationPlatforms) = postSolution
		{FD41B002-CC77-410E-804B-D9E9DD811B70}.Debug|Any CPU.ActiveCfg = Debug|Any CPU
		{FD41B002-CC77-410E-804B-D9E9DD811B70}.Debug|Any CPU.Build.0 = Debug|Any CPU
		{FD41B002-CC77-410E-804B-D9E9DD811B70}.Release|Any CPU.ActiveCfg = Release|Any CPU
		{FD41B002-CC77-410E-804B-D9E9DD811B70}.Release|Any CPU.Build.0 = Release|Any CPU
	EndGlobalSection
	GlobalSection(SolutionProperties) = preSolution
		HideSolutionNode = FALSE
	EndGlobalSection
	GlobalSection(ExtensibilityGlobals) = postSolution
		SolutionGuid = {F7CE199B-2F8C-466F-B854-0F9372F36ABF}
	EndGlobalSection
EndGlobal
